
Microsoft Visual Studio Solution File, Format Version 12.00
# Visual Studio Version 16
VisualStudioVersion = 16.0.29503.13
MinimumVisualStudioVersion = 10.0.40219.1
Project("{FAE04EC0-301F-11D3-BF4B-00C04F79EFBC}") = "ConsoleApp37", "ConsoleApp37\ConsoleApp37.csproj", "{4CF722F0-7EBB-4057-968A-DEFD8547893E}"
EndProject
Global
	GlobalSection(SolutionConfigurationPlatforms) = preSolution
		Debug|Any CPU = Debug|Any CPU
		Release|Any CPU = Release|Any CPU
	EndGlobalSection
	GlobalSection(ProjectConfigurationPlatforms) = postSolution
		{4CF722F0-7EBB-4057-968A-DEFD8547893E}.Debug|Any CPU.ActiveCfg = Debug|Any CPU
		{4CF722F0-7EBB-4057-968A-DEFD8547893E}.Debug|Any CPU.Build.0 = Debug|Any CPU
		{4CF722F0-7EBB-4057-968A-DEFD8547893E}.Release|Any CPU.ActiveCfg = Release|Any CPU
		{4CF722F0-7EBB-4057-968A-DEFD8547893E}.Release|Any CPU.Build.0 = Release|Any CPU
	EndGlobalSection
	GlobalSection(SolutionProperties) = preSolution
		HideSolutionNode = FALSE
	EndGlobalSection
	GlobalSection(ExtensibilityGlobals) = postSolution
		SolutionGuid = {F8B92922-40BE-419C-A146-83CAD980BE72}
	EndGlobalSection
EndGlobal
